// !$*UTF8*$!
{
	archiveVersion = 1;
	classes = {
	};
	objectVersion = 56;
	objects = {

/* Begin PBXBuildFile section */
		F3C3382F2B9340C50049779C /* Sunlight.png in Resources */ = {isa = PBXBuildFile; fileRef = F3C3382E2B9340C50049779C /* Sunlight.png */; };
		F3C338342B9346230049779C /* RotatinSystem.swift in Sources */ = {isa = PBXBuildFile; fileRef = F3C338332B9346230049779C /* RotatinSystem.swift */; };
		F3F0AA042B92206B00E6B920 /* RealityKitContent in Frameworks */ = {isa = PBXBuildFile; productRef = F3F0AA032B92206B00E6B920 /* RealityKitContent */; };
		F3F0AA062B92206B00E6B920 /* TeslaApp.swift in Sources */ = {isa = PBXBuildFile; fileRef = F3F0AA052B92206B00E6B920 /* TeslaApp.swift */; };
		F3F0AA0C2B92206B00E6B920 /* ImageBasedLighting.skybox in Resources */ = {isa = PBXBuildFile; fileRef = F3F0AA0B2B92206B00E6B920 /* ImageBasedLighting.skybox */; };
		F3F0AA0E2B92206D00E6B920 /* Assets.xcassets in Resources */ = {isa = PBXBuildFile; fileRef = F3F0AA0D2B92206D00E6B920 /* Assets.xcassets */; };
		F3F0AA112B92206D00E6B920 /* Preview Assets.xcassets in Resources */ = {isa = PBXBuildFile; fileRef = F3F0AA102B92206D00E6B920 /* Preview Assets.xcassets */; };
		F3F0AA1A2B9220F500E6B920 /* MainPage.swift in Sources */ = {isa = PBXBuildFile; fileRef = F3F0AA192B9220F500E6B920 /* MainPage.swift */; };
		F3F0AA212B92272B00E6B920 /* MainPageLinkData.swift in Sources */ = {isa = PBXBuildFile; fileRef = F3F0AA202B92272B00E6B920 /* MainPageLinkData.swift */; };
		F3F0AA242B922A4300E6B920 /* SpecsView.swift in Sources */ = {isa = PBXBuildFile; fileRef = F3F0AA232B922A4300E6B920 /* SpecsView.swift */; };
		F3F0AA262B922A7C00E6B920 /* ModelView.swift in Sources */ = {isa = PBXBuildFile; fileRef = F3F0AA252B922A7C00E6B920 /* ModelView.swift */; };
		F3F0AA282B922A9C00E6B920 /* VideoView.swift in Sources */ = {isa = PBXBuildFile; fileRef = F3F0AA272B922A9C00E6B920 /* VideoView.swift */; };
		F3F0AA2A2B92D27A00E6B920 /* SpecsViewData.swift in Sources */ = {isa = PBXBuildFile; fileRef = F3F0AA292B92D27900E6B920 /* SpecsViewData.swift */; };
		F3F0AA2E2B92E28900E6B920 /* ModelViewModel.swift in Sources */ = {isa = PBXBuildFile; fileRef = F3F0AA2D2B92E28900E6B920 /* ModelViewModel.swift */; };
		F3F0AA302B92EE0200E6B920 /* ModelRealityView.swift in Sources */ = {isa = PBXBuildFile; fileRef = F3F0AA2F2B92EE0200E6B920 /* ModelRealityView.swift */; };
		F3F0AA372B93084B00E6B920 /* JOTARO VS DIO 4K 60 FPS.mp4 in Resources */ = {isa = PBXBuildFile; fileRef = F3F0AA362B93084A00E6B920 /* JOTARO VS DIO 4K 60 FPS.mp4 */; };
		F3F0AA392B930C4100E6B920 /* ImmersiveView.swift in Sources */ = {isa = PBXBuildFile; fileRef = F3F0AA382B930C4100E6B920 /* ImmersiveView.swift */; };
		F3F0AA3B2B9314C800E6B920 /* ModelControls.swift in Sources */ = {isa = PBXBuildFile; fileRef = F3F0AA3A2B9314C800E6B920 /* ModelControls.swift */; };
/* End PBXBuildFile section */

/* Begin PBXFileReference section */
		F3C3382E2B9340C50049779C /* Sunlight.png */ = {isa = PBXFileReference; lastKnownFileType = image.png; path = Sunlight.png; sourceTree = "<group>"; };
		F3C338332B9346230049779C /* RotatinSystem.swift */ = {isa = PBXFileReference; lastKnownFileType = sourcecode.swift; path = RotatinSystem.swift; sourceTree = "<group>"; };
		F3F0A9FE2B92206B00E6B920 /* Tesla.app */ = {isa = PBXFileReference; explicitFileType = wrapper.application; includeInIndex = 0; path = Tesla.app; sourceTree = BUILT_PRODUCTS_DIR; };
		F3F0AA022B92206B00E6B920 /* RealityKitContent */ = {isa = PBXFileReference; lastKnownFileType = wrapper; path = RealityKitContent; sourceTree = "<group>"; };
		F3F0AA052B92206B00E6B920 /* TeslaApp.swift */ = {isa = PBXFileReference; lastKnownFileType = sourcecode.swift; path = TeslaApp.swift; sourceTree = "<group>"; };
		F3F0AA0B2B92206B00E6B920 /* ImageBasedLighting.skybox */ = {isa = PBXFileReference; lastKnownFileType = file.skybox; path = ImageBasedLighting.skybox; sourceTree = "<group>"; };
		F3F0AA0D2B92206D00E6B920 /* Assets.xcassets */ = {isa = PBXFileReference; lastKnownFileType = folder.assetcatalog; path = Assets.xcassets; sourceTree = "<group>"; };
		F3F0AA102B92206D00E6B920 /* Preview Assets.xcassets */ = {isa = PBXFileReference; lastKnownFileType = folder.assetcatalog; path = "Preview Assets.xcassets"; sourceTree = "<group>"; };
		F3F0AA122B92206D00E6B920 /* Info.plist */ = {isa = PBXFileReference; lastKnownFileType = text.plist.xml; path = Info.plist; sourceTree = "<group>"; };
		F3F0AA192B9220F500E6B920 /* MainPage.swift */ = {isa = PBXFileReference; lastKnownFileType = sourcecode.swift; path = MainPage.swift; sourceTree = "<group>"; };
		F3F0AA202B92272B00E6B920 /* MainPageLinkData.swift */ = {isa = PBXFileReference; lastKnownFileType = sourcecode.swift; path = MainPageLinkData.swift; sourceTree = "<group>"; };
		F3F0AA232B922A4300E6B920 /* SpecsView.swift */ = {isa = PBXFileReference; lastKnownFileType = sourcecode.swift; path = SpecsView.swift; sourceTree = "<group>"; };
		F3F0AA252B922A7C00E6B920 /* ModelView.swift */ = {isa = PBXFileReference; lastKnownFileType = sourcecode.swift; path = ModelView.swift; sourceTree = "<group>"; };
		F3F0AA272B922A9C00E6B920 /* VideoView.swift */ = {isa = PBXFileReference; lastKnownFileType = sourcecode.swift; path = VideoView.swift; sourceTree = "<group>"; };
		F3F0AA292B92D27900E6B920 /* SpecsViewData.swift */ = {isa = PBXFileReference; lastKnownFileType = sourcecode.swift; path = SpecsViewData.swift; sourceTree = "<group>"; };
		F3F0AA2D2B92E28900E6B920 /* ModelViewModel.swift */ = {isa = PBXFileReference; lastKnownFileType = sourcecode.swift; path = ModelViewModel.swift; sourceTree = "<group>"; };
		F3F0AA2F2B92EE0200E6B920 /* ModelRealityView.swift */ = {isa = PBXFileReference; lastKnownFileType = sourcecode.swift; path = ModelRealityView.swift; sourceTree = "<group>"; };
		F3F0AA362B93084A00E6B920 /* JOTARO VS DIO 4K 60 FPS.mp4 */ = {isa = PBXFileReference; lastKnownFileType = file; path = "JOTARO VS DIO 4K 60 FPS.mp4"; sourceTree = "<group>"; };
		F3F0AA382B930C4100E6B920 /* ImmersiveView.swift */ = {isa = PBXFileReference; lastKnownFileType = sourcecode.swift; path = ImmersiveView.swift; sourceTree = "<group>"; };
		F3F0AA3A2B9314C800E6B920 /* ModelControls.swift */ = {isa = PBXFileReference; lastKnownFileType = sourcecode.swift; path = ModelControls.swift; sourceTree = "<group>"; };
/* End PBXFileReference section */

/* Begin PBXFrameworksBuildPhase section */
		F3F0A9FB2B92206B00E6B920 /* Frameworks */ = {
			isa = PBXFrameworksBuildPhase;
			buildActionMask = 2147483647;
			files = (
				F3F0AA042B92206B00E6B920 /* RealityKitContent in Frameworks */,
			);
			runOnlyForDeploymentPostprocessing = 0;
		};
/* End PBXFrameworksBuildPhase section */

/* Begin PBXGroup section */
		F3C338322B9345E40049779C /* Components */ = {
			isa = PBXGroup;
			children = (
				F3C338332B9346230049779C /* RotatinSystem.swift */,
			);
			path = Components;
			sourceTree = "<group>";
		};
		F3F0A9F52B92206B00E6B920 = {
			isa = PBXGroup;
			children = (
				F3F0AA002B92206B00E6B920 /* Tesla */,
				F3F0AA012B92206B00E6B920 /* Packages */,
				F3F0A9FF2B92206B00E6B920 /* Products */,
			);
			sourceTree = "<group>";
		};
		F3F0A9FF2B92206B00E6B920 /* Products */ = {
			isa = PBXGroup;
			children = (
				F3F0A9FE2B92206B00E6B920 /* Tesla.app */,
			);
			name = Products;
			sourceTree = "<group>";
		};
		F3F0AA002B92206B00E6B920 /* Tesla */ = {
			isa = PBXGroup;
			children = (
				F3F0AA052B92206B00E6B920 /* TeslaApp.swift */,
				F3F0AA1C2B92212300E6B920 /* Model */,
				F3F0AA182B9220C100E6B920 /* View */,
				F3F0AA1D2B92212C00E6B920 /* ViewModel */,
				F3C338322B9345E40049779C /* Components */,
				F3F0AA3C2B93202900E6B920 /* Sunlight.skybox */,
				F3F0AA0B2B92206B00E6B920 /* ImageBasedLighting.skybox */,
				F3F0AA1B2B92210100E6B920 /* Files */,
				F3F0AA312B93037400E6B920 /* Video */,
				F3F0AA0F2B92206D00E6B920 /* Preview Content */,
			);
			path = Tesla;
			sourceTree = "<group>";
		};
		F3F0AA012B92206B00E6B920 /* Packages */ = {
			isa = PBXGroup;
			children = (
				F3F0AA022B92206B00E6B920 /* RealityKitContent */,
			);
			path = Packages;
			sourceTree = "<group>";
		};
		F3F0AA0F2B92206D00E6B920 /* Preview Content */ = {
			isa = PBXGroup;
			children = (
				F3F0AA102B92206D00E6B920 /* Preview Assets.xcassets */,
			);
			path = "Preview Content";
			sourceTree = "<group>";
		};
		F3F0AA182B9220C100E6B920 /* View */ = {
			isa = PBXGroup;
			children = (
				F3F0AA192B9220F500E6B920 /* MainPage.swift */,
				F3F0AA2F2B92EE0200E6B920 /* ModelRealityView.swift */,
				F3F0AA382B930C4100E6B920 /* ImmersiveView.swift */,
				F3F0AA222B9229DA00E6B920 /* SubView */,
			);
			path = View;
			sourceTree = "<group>";
		};
		F3F0AA1B2B92210100E6B920 /* Files */ = {
			isa = PBXGroup;
			children = (
				F3F0AA0D2B92206D00E6B920 /* Assets.xcassets */,
				F3F0AA122B92206D00E6B920 /* Info.plist */,
			);
			name = Files;
			sourceTree = "<group>";
		};
		F3F0AA1C2B92212300E6B920 /* Model */ = {
			isa = PBXGroup;
			children = (
				F3F0AA202B92272B00E6B920 /* MainPageLinkData.swift */,
				F3F0AA292B92D27900E6B920 /* SpecsViewData.swift */,
			);
			path = Model;
			sourceTree = "<group>";
		};
		F3F0AA1D2B92212C00E6B920 /* ViewModel */ = {
			isa = PBXGroup;
			children = (
				F3F0AA2D2B92E28900E6B920 /* ModelViewModel.swift */,
			);
			path = ViewModel;
			sourceTree = "<group>";
		};
		F3F0AA222B9229DA00E6B920 /* SubView */ = {
			isa = PBXGroup;
			children = (
				F3F0AA232B922A4300E6B920 /* SpecsView.swift */,
				F3F0AA252B922A7C00E6B920 /* ModelView.swift */,
				F3F0AA272B922A9C00E6B920 /* VideoView.swift */,
				F3F0AA3A2B9314C800E6B920 /* ModelControls.swift */,
			);
			path = SubView;
			sourceTree = "<group>";
		};
		F3F0AA312B93037400E6B920 /* Video */ = {
			isa = PBXGroup;
			children = (
				F3F0AA362B93084A00E6B920 /* JOTARO VS DIO 4K 60 FPS.mp4 */,
			);
			path = Video;
			sourceTree = "<group>";
		};
		F3F0AA3C2B93202900E6B920 /* Sunlight.skybox */ = {
			isa = PBXGroup;
			children = (
				F3C3382E2B9340C50049779C /* Sunlight.png */,
			);
			path = Sunlight.skybox;
			sourceTree = "<group>";
		};
/* End PBXGroup section */

/* Begin PBXNativeTarget section */
		F3F0A9FD2B92206B00E6B920 /* Tesla */ = {
			isa = PBXNativeTarget;
			buildConfigurationList = F3F0AA152B92206D00E6B920 /* Build configuration list for PBXNativeTarget "Tesla" */;
			buildPhases = (
				F3F0A9FA2B92206B00E6B920 /* Sources */,
				F3F0A9FB2B92206B00E6B920 /* Frameworks */,
				F3F0A9FC2B92206B00E6B920 /* Resources */,
			);
			buildRules = (
			);
			dependencies = (
			);
			name = Tesla;
			packageProductDependencies = (
				F3F0AA032B92206B00E6B920 /* RealityKitContent */,
			);
			productName = Tesla;
			productReference = F3F0A9FE2B92206B00E6B920 /* Tesla.app */;
			productType = "com.apple.product-type.application";
		};
/* End PBXNativeTarget section */

/* Begin PBXProject section */
		F3F0A9F62B92206B00E6B920 /* Project object */ = {
			isa = PBXProject;
			attributes = {
				BuildIndependentTargetsInParallel = 1;
				LastSwiftUpdateCheck = 1520;
				LastUpgradeCheck = 1520;
				TargetAttributes = {
					F3F0A9FD2B92206B00E6B920 = {
						CreatedOnToolsVersion = 15.2;
					};
				};
			};
			buildConfigurationList = F3F0A9F92B92206B00E6B920 /* Build configuration list for PBXProject "Tesla" */;
			compatibilityVersion = "Xcode 14.0";
			developmentRegion = en;
			hasScannedForEncodings = 0;
			knownRegions = (
				en,
				Base,
			);
			mainGroup = F3F0A9F52B92206B00E6B920;
			productRefGroup = F3F0A9FF2B92206B00E6B920 /* Products */;
			projectDirPath = "";
			projectRoot = "";
			targets = (
				F3F0A9FD2B92206B00E6B920 /* Tesla */,
			);
		};
/* End PBXProject section */

/* Begin PBXResourcesBuildPhase section */
		F3F0A9FC2B92206B00E6B920 /* Resources */ = {
			isa = PBXResourcesBuildPhase;
			buildActionMask = 2147483647;
			files = (
				F3F0AA372B93084B00E6B920 /* JOTARO VS DIO 4K 60 FPS.mp4 in Resources */,
				F3C3382F2B9340C50049779C /* Sunlight.png in Resources */,
				F3F0AA0E2B92206D00E6B920 /* Assets.xcassets in Resources */,
				F3F0AA112B92206D00E6B920 /* Preview Assets.xcassets in Resources */,
				F3F0AA0C2B92206B00E6B920 /* ImageBasedLighting.skybox in Resources */,
			);
			runOnlyForDeploymentPostprocessing = 0;
		};
/* End PBXResourcesBuildPhase section */

/* Begin PBXSourcesBuildPhase section */
		F3F0A9FA2B92206B00E6B920 /* Sources */ = {
			isa = PBXSourcesBuildPhase;
			buildActionMask = 2147483647;
			files = (
				F3F0AA282B922A9C00E6B920 /* VideoView.swift in Sources */,
				F3F0AA3B2B9314C800E6B920 /* ModelControls.swift in Sources */,
				F3F0AA302B92EE0200E6B920 /* ModelRealityView.swift in Sources */,
				F3F0AA392B930C4100E6B920 /* ImmersiveView.swift in Sources */,
				F3C338342B9346230049779C /* RotatinSystem.swift in Sources */,
				F3F0AA062B92206B00E6B920 /* TeslaApp.swift in Sources */,
				F3F0AA212B92272B00E6B920 /* MainPageLinkData.swift in Sources */,
				F3F0AA1A2B9220F500E6B920 /* MainPage.swift in Sources */,
				F3F0AA2E2B92E28900E6B920 /* ModelViewModel.swift in Sources */,
				F3F0AA2A2B92D27A00E6B920 /* SpecsViewData.swift in Sources */,
				F3F0AA242B922A4300E6B920 /* SpecsView.swift in Sources */,
				F3F0AA262B922A7C00E6B920 /* ModelView.swift in Sources */,
			);
			runOnlyForDeploymentPostprocessing = 0;
		};
/* End PBXSourcesBuildPhase section */

/* Begin XCBuildConfiguration section */
		F3F0AA132B92206D00E6B920 /* Debug */ = {
			isa = XCBuildConfiguration;
			buildSettings = {
				ALWAYS_SEARCH_USER_PATHS = NO;
				ASSETCATALOG_COMPILER_GENERATE_SWIFT_ASSET_SYMBOL_EXTENSIONS = YES;
				CLANG_ANALYZER_NONNULL = YES;
				CLANG_ANALYZER_NUMBER_OBJECT_CONVERSION = YES_AGGRESSIVE;
				CLANG_CXX_LANGUAGE_STANDARD = "gnu++20";
				CLANG_ENABLE_MODULES = YES;
				CLANG_ENABLE_OBJC_ARC = YES;
				CLANG_ENABLE_OBJC_WEAK = YES;
				CLANG_WARN_BLOCK_CAPTURE_AUTORELEASING = YES;
				CLANG_WARN_BOOL_CONVERSION = YES;
				CLANG_WARN_COMMA = YES;
				CLANG_WARN_CONSTANT_CONVERSION = YES;
				CLANG_WARN_DEPRECATED_OBJC_IMPLEMENTATIONS = YES;
				CLANG_WARN_DIRECT_OBJC_ISA_USAGE = YES_ERROR;
				CLANG_WARN_DOCUMENTATION_COMMENTS = YES;
				CLANG_WARN_EMPTY_BODY = YES;
				CLANG_WARN_ENUM_CONVERSION = YES;
				CLANG_WARN_INFINITE_RECURSION = YES;
				CLANG_WARN_INT_CONVERSION = YES;
				CLANG_WARN_NON_LITERAL_NULL_CONVERSION = YES;
				CLANG_WARN_OBJC_IMPLICIT_RETAIN_SELF = YES;
				CLANG_WARN_OBJC_LITERAL_CONVERSION = YES;
				CLANG_WARN_OBJC_ROOT_CLASS = YES_ERROR;
				CLANG_WARN_QUOTED_INCLUDE_IN_FRAMEWORK_HEADER = YES;
				CLANG_WARN_RANGE_LOOP_ANALYSIS = YES;
				CLANG_WARN_STRICT_PROTOTYPES = YES;
				CLANG_WARN_SUSPICIOUS_MOVE = YES;
				CLANG_WARN_UNGUARDED_AVAILABILITY = YES_AGGRESSIVE;
				CLANG_WARN_UNREACHABLE_CODE = YES;
				CLANG_WARN__DUPLICATE_METHOD_MATCH = YES;
				COPY_PHASE_STRIP = NO;
				DEBUG_INFORMATION_FORMAT = dwarf;
				ENABLE_STRICT_OBJC_MSGSEND = YES;
				ENABLE_TESTABILITY = YES;
				ENABLE_USER_SCRIPT_SANDBOXING = YES;
				GCC_C_LANGUAGE_STANDARD = gnu17;
				GCC_DYNAMIC_NO_PIC = NO;
				GCC_NO_COMMON_BLOCKS = YES;
				GCC_OPTIMIZATION_LEVEL = 0;
				GCC_PREPROCESSOR_DEFINITIONS = (
					"DEBUG=1",
					"$(inherited)",
				);
				GCC_WARN_64_TO_32_BIT_CONVERSION = YES;
				GCC_WARN_ABOUT_RETURN_TYPE = YES_ERROR;
				GCC_WARN_UNDECLARED_SELECTOR = YES;
				GCC_WARN_UNINITIALIZED_AUTOS = YES_AGGRESSIVE;
				GCC_WARN_UNUSED_FUNCTION = YES;
				GCC_WARN_UNUSED_VARIABLE = YES;
				LOCALIZATION_PREFERS_STRING_CATALOGS = YES;
				MTL_ENABLE_DEBUG_INFO = INCLUDE_SOURCE;
				MTL_FAST_MATH = YES;
				ONLY_ACTIVE_ARCH = YES;
				SDKROOT = xros;
				SWIFT_ACTIVE_COMPILATION_CONDITIONS = "DEBUG $(inherited)";
				SWIFT_OPTIMIZATION_LEVEL = "-Onone";
				XROS_DEPLOYMENT_TARGET = 1.0;
			};
			name = Debug;
		};
		F3F0AA142B92206D00E6B920 /* Release */ = {
			isa = XCBuildConfiguration;
			buildSettings = {
				ALWAYS_SEARCH_USER_PATHS = NO;
				ASSETCATALOG_COMPILER_GENERATE_SWIFT_ASSET_SYMBOL_EXTENSIONS = YES;
				CLANG_ANALYZER_NONNULL = YES;
				CLANG_ANALYZER_NUMBER_OBJECT_CONVERSION = YES_AGGRESSIVE;
				CLANG_CXX_LANGUAGE_STANDARD = "gnu++20";
				CLANG_ENABLE_MODULES = YES;
				CLANG_ENABLE_OBJC_ARC = YES;
				CLANG_ENABLE_OBJC_WEAK = YES;
				CLANG_WARN_BLOCK_CAPTURE_AUTORELEASING = YES;
				CLANG_WARN_BOOL_CONVERSION = YES;
				CLANG_WARN_COMMA = YES;
				CLANG_WARN_CONSTANT_CONVERSION = YES;
				CLANG_WARN_DEPRECATED_OBJC_IMPLEMENTATIONS = YES;
				CLANG_WARN_DIRECT_OBJC_ISA_USAGE = YES_ERROR;
				CLANG_WARN_DOCUMENTATION_COMMENTS = YES;
				CLANG_WARN_EMPTY_BODY = YES;
				CLANG_WARN_ENUM_CONVERSION = YES;
				CLANG_WARN_INFINITE_RECURSION = YES;
				CLANG_WARN_INT_CONVERSION = YES;
				CLANG_WARN_NON_LITERAL_NULL_CONVERSION = YES;
				CLANG_WARN_OBJC_IMPLICIT_RETAIN_SELF = YES;
				CLANG_WARN_OBJC_LITERAL_CONVERSION = YES;
				CLANG_WARN_OBJC_ROOT_CLASS = YES_ERROR;
				CLANG_WARN_QUOTED_INCLUDE_IN_FRAMEWORK_HEADER = YES;
				CLANG_WARN_RANGE_LOOP_ANALYSIS = YES;
				CLANG_WARN_STRICT_PROTOTYPES = YES;
				CLANG_WARN_SUSPICIOUS_MOVE = YES;
				CLANG_WARN_UNGUARDED_AVAILABILITY = YES_AGGRESSIVE;
				CLANG_WARN_UNREACHABLE_CODE = YES;
				CLANG_WARN__DUPLICATE_METHOD_MATCH = YES;
				COPY_PHASE_STRIP = NO;
				DEBUG_INFORMATION_FORMAT = "dwarf-with-dsym";
				ENABLE_NS_ASSERTIONS = NO;
				ENABLE_STRICT_OBJC_MSGSEND = YES;
				ENABLE_USER_SCRIPT_SANDBOXING = YES;
				GCC_C_LANGUAGE_STANDARD = gnu17;
				GCC_NO_COMMON_BLOCKS = YES;
				GCC_WARN_64_TO_32_BIT_CONVERSION = YES;
				GCC_WARN_ABOUT_RETURN_TYPE = YES_ERROR;
				GCC_WARN_UNDECLARED_SELECTOR = YES;
				GCC_WARN_UNINITIALIZED_AUTOS = YES_AGGRESSIVE;
				GCC_WARN_UNUSED_FUNCTION = YES;
				GCC_WARN_UNUSED_VARIABLE = YES;
				LOCALIZATION_PREFERS_STRING_CATALOGS = YES;
				MTL_ENABLE_DEBUG_INFO = NO;
				MTL_FAST_MATH = YES;
				SDKROOT = xros;
				SWIFT_COMPILATION_MODE = wholemodule;
				VALIDATE_PRODUCT = YES;
				XROS_DEPLOYMENT_TARGET = 1.0;
			};
			name = Release;
		};
		F3F0AA162B92206D00E6B920 /* Debug */ = {
			isa = XCBuildConfiguration;
			buildSettings = {
				ASSETCATALOG_COMPILER_APPICON_NAME = AppIcon;
				ASSETCATALOG_COMPILER_GLOBAL_ACCENT_COLOR_NAME = AccentColor;
				CODE_SIGN_STYLE = Automatic;
				CURRENT_PROJECT_VERSION = 1;
				DEVELOPMENT_ASSET_PATHS = "\"Tesla/Preview Content\"";
				DEVELOPMENT_TEAM = WT2DZRQ5QP;
				ENABLE_PREVIEWS = YES;
				GENERATE_INFOPLIST_FILE = YES;
				INFOPLIST_FILE = "$(TARGET_NAME)/Info.plist";
				LD_RUNPATH_SEARCH_PATHS = (
					"$(inherited)",
					"@executable_path/Frameworks",
				);
				MARKETING_VERSION = 1.0;
				PRODUCT_BUNDLE_IDENTIFIER = com.gali.Tesla;
				PRODUCT_NAME = "$(TARGET_NAME)";
				SUPPORTED_PLATFORMS = "xros xrsimulator";
				SWIFT_EMIT_LOC_STRINGS = YES;
				SWIFT_VERSION = 5.0;
				TARGETED_DEVICE_FAMILY = "1,2,7";
			};
			name = Debug;
		};
		F3F0AA172B92206D00E6B920 /* Release */ = {
			isa = XCBuildConfiguration;
			buildSettings = {
				ASSETCATALOG_COMPILER_APPICON_NAME = AppIcon;
				ASSETCATALOG_COMPILER_GLOBAL_ACCENT_COLOR_NAME = AccentColor;
				CODE_SIGN_STYLE = Automatic;
				CURRENT_PROJECT_VERSION = 1;
				DEVELOPMENT_ASSET_PATHS = "\"Tesla/Preview Content\"";
				DEVELOPMENT_TEAM = WT2DZRQ5QP;
				ENABLE_PREVIEWS = YES;
				GENERATE_INFOPLIST_FILE = YES;
				INFOPLIST_FILE = "$(TARGET_NAME)/Info.plist";
				LD_RUNPATH_SEARCH_PATHS = (
					"$(inherited)",
					"@executable_path/Frameworks",
				);
				MARKETING_VERSION = 1.0;
				PRODUCT_BUNDLE_IDENTIFIER = com.gali.Tesla;
				PRODUCT_NAME = "$(TARGET_NAME)";
				SUPPORTED_PLATFORMS = "xros xrsimulator";
				SWIFT_EMIT_LOC_STRINGS = YES;
				SWIFT_VERSION = 5.0;
				TARGETED_DEVICE_FAMILY = "1,2,7";
			};
			name = Release;
		};
/* End XCBuildConfiguration section */

/* Begin XCConfigurationList section */
		F3F0A9F92B92206B00E6B920 /* Build configuration list for PBXProject "Tesla" */ = {
			isa = XCConfigurationList;
			buildConfigurations = (
				F3F0AA132B92206D00E6B920 /* Debug */,
				F3F0AA142B92206D00E6B920 /* Release */,
			);
			defaultConfigurationIsVisible = 0;
			defaultConfigurationName = Release;
		};
		F3F0AA152B92206D00E6B920 /* Build configuration list for PBXNativeTarget "Tesla" */ = {
			isa = XCConfigurationList;
			buildConfigurations = (
				F3F0AA162B92206D00E6B920 /* Debug */,
				F3F0AA172B92206D00E6B920 /* Release */,
			);
			defaultConfigurationIsVisible = 0;
			defaultConfigurationName = Release;
		};
/* End XCConfigurationList section */

/* Begin XCSwiftPackageProductDependency section */
		F3F0AA032B92206B00E6B920 /* RealityKitContent */ = {
			isa = XCSwiftPackageProductDependency;
			productName = RealityKitContent;
		};
/* End XCSwiftPackageProductDependency section */
	};
	rootObject = F3F0A9F62B92206B00E6B920 /* Project object */;
}
